<?xml version="1.0" encoding="utf-8"?>
<Project ToolsVersion="4.0" xmlns="http://schemas.microsoft.com/developer/msbuild/2003">
  <ItemGroup>
    <ClCompile Include="FrameManager.cpp">
      <Filter>Source Files</Filter>
    </ClCompile>
    <ClCompile Include="FrameProvider.cpp">
      <Filter>Source Files</Filter>
    </ClCompile>
    <ClCompile Include="MediaDeviceManager.cpp">
      <Filter>Source Files</Filter>
    </ClCompile>
    <ClCompile Include="MediaFoundationWrapper.cpp">
      <Filter>Source Files</Filter>
    </ClCompile>
    <ClCompile Include="pch.cpp">
      <Filter>Source Files</Filter>
    </ClCompile>
    <ClCompile Include="VideoSourceDescription.cpp">
      <Filter>Source Files</Filter>
    </ClCompile>
  </ItemGroup>
  <ItemGroup>
    <ClInclude Include="FrameManager.h">
      <Filter>Header Files</Filter>
    </ClInclude>
    <ClInclude Include="FrameProvider.h">
      <Filter>Header Files</Filter>
    </ClInclude>
    <ClInclude Include="MediaFoundationWrapper.h">
      <Filter>Header Files</Filter>
    </ClInclude>
    <ClInclude Include="MemoryBufferAccess.h">
      <Filter>Header Files</Filter>
    </ClInclude>
    <ClInclude Include="pch.h">
      <Filter>Header Files</Filter>
    </ClInclude>
    <ClInclude Include="VideoSourceDescription.h">
      <Filter>Header Files</Filter>
    </ClInclude>
    <ClInclude Include="MediaDeviceManager.h">
      <Filter>Header Files</Filter>
    </ClInclude>
  </ItemGroup>
  <ItemGroup>
    <Filter Include="Header Files">
      <UniqueIdentifier>{075a6fb6-1802-4fdf-894a-ac1f9c5fcd0b}</UniqueIdentifier>
    </Filter>
    <Filter Include="Source Files">
      <UniqueIdentifier>{17a91279-4ea5-41f4-9f1c-618e20c7f10a}</UniqueIdentifier>
    </Filter>
  </ItemGroup>
</Project>